// !$*UTF8*$!
{
	archiveVersion = 1;
	classes = {
	};
	objectVersion = 51;
	objects = {

/* Begin PBXBuildFile section */
		6905DFD522CBB81100A26B50 /* AppDelegate.swift in Sources */ = {isa = PBXBuildFile; fileRef = 6905DFD422CBB81100A26B50 /* AppDelegate.swift */; };
		6905DFD722CBB81100A26B50 /* ViewController.swift in Sources */ = {isa = PBXBuildFile; fileRef = 6905DFD622CBB81100A26B50 /* ViewController.swift */; };
		6905DFDA22CBB81100A26B50 /* Main.storyboard in Resources */ = {isa = PBXBuildFile; fileRef = 6905DFD822CBB81100A26B50 /* Main.storyboard */; };
		6905DFDC22CBB81200A26B50 /* Assets.xcassets in Resources */ = {isa = PBXBuildFile; fileRef = 6905DFDB22CBB81200A26B50 /* Assets.xcassets */; };
		6905DFDF22CBB81200A26B50 /* LaunchScreen.storyboard in Resources */ = {isa = PBXBuildFile; fileRef = 6905DFDD22CBB81200A26B50 /* LaunchScreen.storyboard */; };
		6905DFEA22CBBA5200A26B50 /* RealmService.swift in Sources */ = {isa = PBXBuildFile; fileRef = 6905DFE922CBBA5200A26B50 /* RealmService.swift */; };
		6905DFEC22CBBB1D00A26B50 /* RealmMigrationService.swift in Sources */ = {isa = PBXBuildFile; fileRef = 6905DFEB22CBBB1D00A26B50 /* RealmMigrationService.swift */; };
		6905DFEF22CBBBC600A26B50 /* User.swift in Sources */ = {isa = PBXBuildFile; fileRef = 6905DFEE22CBBBC600A26B50 /* User.swift */; };
		6905DFF122CBBC5800A26B50 /* Address.swift in Sources */ = {isa = PBXBuildFile; fileRef = 6905DFF022CBBC5800A26B50 /* Address.swift */; };
		6905DFF322CBBCF400A26B50 /* Company.swift in Sources */ = {isa = PBXBuildFile; fileRef = 6905DFF222CBBCF400A26B50 /* Company.swift */; };
		6905DFF522CBCC7000A26B50 /* Albums.swift in Sources */ = {isa = PBXBuildFile; fileRef = 6905DFF422CBCC7000A26B50 /* Albums.swift */; };
		6905DFF722CBCD4700A26B50 /* Photos.swift in Sources */ = {isa = PBXBuildFile; fileRef = 6905DFF622CBCD4700A26B50 /* Photos.swift */; };
		6905DFF922CBCE4300A26B50 /* Todo.swift in Sources */ = {isa = PBXBuildFile; fileRef = 6905DFF822CBCE4300A26B50 /* Todo.swift */; };
		6905DFFE22CBD0D400A26B50 /* ViewControllerViewModel.swift in Sources */ = {isa = PBXBuildFile; fileRef = 6905DFFD22CBD0D400A26B50 /* ViewControllerViewModel.swift */; };
		6905E00022CBD2FF00A26B50 /* ApiService.swift in Sources */ = {isa = PBXBuildFile; fileRef = 6905DFFF22CBD2FF00A26B50 /* ApiService.swift */; };
		6905E00222CBEF6700A26B50 /* UserTableViewCell.swift in Sources */ = {isa = PBXBuildFile; fileRef = 6905E00122CBEF6700A26B50 /* UserTableViewCell.swift */; };
		6905E00522CBF1D400A26B50 /* DetailUser.storyboard in Resources */ = {isa = PBXBuildFile; fileRef = 6905E00422CBF1D400A26B50 /* DetailUser.storyboard */; };
		6905E00722CBF22100A26B50 /* DetailUserViewController.swift in Sources */ = {isa = PBXBuildFile; fileRef = 6905E00622CBF22100A26B50 /* DetailUserViewController.swift */; };
		6905E00922CBF2A500A26B50 /* DetailViewModel.swift in Sources */ = {isa = PBXBuildFile; fileRef = 6905E00822CBF2A500A26B50 /* DetailViewModel.swift */; };
		77FCCB4674B419C56D7B4D66 /* Pods_TestApp.framework in Frameworks */ = {isa = PBXBuildFile; fileRef = 5ABFEB8F69ECF46E3310AE09 /* Pods_TestApp.framework */; };
/* End PBXBuildFile section */

/* Begin PBXFileReference section */
		5ABFEB8F69ECF46E3310AE09 /* Pods_TestApp.framework */ = {isa = PBXFileReference; explicitFileType = wrapper.framework; includeInIndex = 0; path = Pods_TestApp.framework; sourceTree = BUILT_PRODUCTS_DIR; };
		6905DFD122CBB81100A26B50 /* TestApp.app */ = {isa = PBXFileReference; explicitFileType = wrapper.application; includeInIndex = 0; path = TestApp.app; sourceTree = BUILT_PRODUCTS_DIR; };
		6905DFD422CBB81100A26B50 /* AppDelegate.swift */ = {isa = PBXFileReference; lastKnownFileType = sourcecode.swift; path = AppDelegate.swift; sourceTree = "<group>"; };
		6905DFD622CBB81100A26B50 /* ViewController.swift */ = {isa = PBXFileReference; lastKnownFileType = sourcecode.swift; path = ViewController.swift; sourceTree = "<group>"; };
		6905DFD922CBB81100A26B50 /* Base */ = {isa = PBXFileReference; lastKnownFileType = file.storyboard; name = Base; path = Base.lproj/Main.storyboard; sourceTree = "<group>"; };
		6905DFDB22CBB81200A26B50 /* Assets.xcassets */ = {isa = PBXFileReference; lastKnownFileType = folder.assetcatalog; path = Assets.xcassets; sourceTree = "<group>"; };
		6905DFDE22CBB81200A26B50 /* Base */ = {isa = PBXFileReference; lastKnownFileType = file.storyboard; name = Base; path = Base.lproj/LaunchScreen.storyboard; sourceTree = "<group>"; };
		6905DFE022CBB81200A26B50 /* Info.plist */ = {isa = PBXFileReference; lastKnownFileType = text.plist.xml; path = Info.plist; sourceTree = "<group>"; };
		6905DFE922CBBA5200A26B50 /* RealmService.swift */ = {isa = PBXFileReference; lastKnownFileType = sourcecode.swift; path = RealmService.swift; sourceTree = "<group>"; };
		6905DFEB22CBBB1D00A26B50 /* RealmMigrationService.swift */ = {isa = PBXFileReference; lastKnownFileType = sourcecode.swift; path = RealmMigrationService.swift; sourceTree = "<group>"; };
		6905DFEE22CBBBC600A26B50 /* User.swift */ = {isa = PBXFileReference; lastKnownFileType = sourcecode.swift; path = User.swift; sourceTree = "<group>"; };
		6905DFF022CBBC5800A26B50 /* Address.swift */ = {isa = PBXFileReference; lastKnownFileType = sourcecode.swift; path = Address.swift; sourceTree = "<group>"; };
		6905DFF222CBBCF400A26B50 /* Company.swift */ = {isa = PBXFileReference; lastKnownFileType = sourcecode.swift; path = Company.swift; sourceTree = "<group>"; };
		6905DFF422CBCC7000A26B50 /* Albums.swift */ = {isa = PBXFileReference; lastKnownFileType = sourcecode.swift; path = Albums.swift; sourceTree = "<group>"; };
		6905DFF622CBCD4700A26B50 /* Photos.swift */ = {isa = PBXFileReference; lastKnownFileType = sourcecode.swift; path = Photos.swift; sourceTree = "<group>"; };
		6905DFF822CBCE4300A26B50 /* Todo.swift */ = {isa = PBXFileReference; lastKnownFileType = sourcecode.swift; path = Todo.swift; sourceTree = "<group>"; };
		6905DFFD22CBD0D400A26B50 /* ViewControllerViewModel.swift */ = {isa = PBXFileReference; lastKnownFileType = sourcecode.swift; path = ViewControllerViewModel.swift; sourceTree = "<group>"; };
		6905DFFF22CBD2FF00A26B50 /* ApiService.swift */ = {isa = PBXFileReference; lastKnownFileType = sourcecode.swift; path = ApiService.swift; sourceTree = "<group>"; };
		6905E00122CBEF6700A26B50 /* UserTableViewCell.swift */ = {isa = PBXFileReference; lastKnownFileType = sourcecode.swift; path = UserTableViewCell.swift; sourceTree = "<group>"; };
		6905E00422CBF1D400A26B50 /* DetailUser.storyboard */ = {isa = PBXFileReference; lastKnownFileType = file.storyboard; path = DetailUser.storyboard; sourceTree = "<group>"; };
		6905E00622CBF22100A26B50 /* DetailUserViewController.swift */ = {isa = PBXFileReference; lastKnownFileType = sourcecode.swift; path = DetailUserViewController.swift; sourceTree = "<group>"; };
		6905E00822CBF2A500A26B50 /* DetailViewModel.swift */ = {isa = PBXFileReference; lastKnownFileType = sourcecode.swift; path = DetailViewModel.swift; sourceTree = "<group>"; };
		C84C03CB00F4021A53A6D1D0 /* Pods-TestApp.release.xcconfig */ = {isa = PBXFileReference; includeInIndex = 1; lastKnownFileType = text.xcconfig; name = "Pods-TestApp.release.xcconfig"; path = "Target Support Files/Pods-TestApp/Pods-TestApp.release.xcconfig"; sourceTree = "<group>"; };
		FFA673D7FC6D55A3813FF8C5 /* Pods-TestApp.debug.xcconfig */ = {isa = PBXFileReference; includeInIndex = 1; lastKnownFileType = text.xcconfig; name = "Pods-TestApp.debug.xcconfig"; path = "Target Support Files/Pods-TestApp/Pods-TestApp.debug.xcconfig"; sourceTree = "<group>"; };
/* End PBXFileReference section */

/* Begin PBXFrameworksBuildPhase section */
		6905DFCE22CBB81100A26B50 /* Frameworks */ = {
			isa = PBXFrameworksBuildPhase;
			buildActionMask = 2147483647;
			files = (
				77FCCB4674B419C56D7B4D66 /* Pods_TestApp.framework in Frameworks */,
			);
			runOnlyForDeploymentPostprocessing = 0;
		};
/* End PBXFrameworksBuildPhase section */

/* Begin PBXGroup section */
		07C0FCEEBE662D76E28B3C13 /* Frameworks */ = {
			isa = PBXGroup;
			children = (
				5ABFEB8F69ECF46E3310AE09 /* Pods_TestApp.framework */,
			);
			name = Frameworks;
			sourceTree = "<group>";
		};
		6905DFC822CBB81100A26B50 = {
			isa = PBXGroup;
			children = (
				6905DFD322CBB81100A26B50 /* TestApp */,
				6905DFD222CBB81100A26B50 /* Products */,
				D98C16CBD816D7B4D964D624 /* Pods */,
				07C0FCEEBE662D76E28B3C13 /* Frameworks */,
			);
			sourceTree = "<group>";
		};
		6905DFD222CBB81100A26B50 /* Products */ = {
			isa = PBXGroup;
			children = (
				6905DFD122CBB81100A26B50 /* TestApp.app */,
			);
			name = Products;
			sourceTree = "<group>";
		};
		6905DFD322CBB81100A26B50 /* TestApp */ = {
			isa = PBXGroup;
			children = (
				6905E00322CBF1C200A26B50 /* DetailUser */,
				6905DFFA22CBCF2F00A26B50 /* Main */,
				6905DFED22CBBBBA00A26B50 /* Models */,
				6905DFE822CBBA3E00A26B50 /* Services */,
				6905DFE722CBBA1D00A26B50 /* Resources */,
				6905DFE622CBBA0800A26B50 /* Base */,
			);
			path = TestApp;
			sourceTree = "<group>";
		};
		6905DFE622CBBA0800A26B50 /* Base */ = {
			isa = PBXGroup;
			children = (
				6905DFDD22CBB81200A26B50 /* LaunchScreen.storyboard */,
				6905DFD422CBB81100A26B50 /* AppDelegate.swift */,
				6905DFE022CBB81200A26B50 /* Info.plist */,
			);
			path = Base;
			sourceTree = "<group>";
		};
		6905DFE722CBBA1D00A26B50 /* Resources */ = {
			isa = PBXGroup;
			children = (
				6905DFDB22CBB81200A26B50 /* Assets.xcassets */,
			);
			path = Resources;
			sourceTree = "<group>";
		};
		6905DFE822CBBA3E00A26B50 /* Services */ = {
			isa = PBXGroup;
			children = (
				6905DFE922CBBA5200A26B50 /* RealmService.swift */,
				6905DFEB22CBBB1D00A26B50 /* RealmMigrationService.swift */,
				6905DFFF22CBD2FF00A26B50 /* ApiService.swift */,
			);
			path = Services;
			sourceTree = "<group>";
		};
		6905DFED22CBBBBA00A26B50 /* Models */ = {
			isa = PBXGroup;
			children = (
				6905DFEE22CBBBC600A26B50 /* User.swift */,
				6905DFF022CBBC5800A26B50 /* Address.swift */,
				6905DFF222CBBCF400A26B50 /* Company.swift */,
				6905DFF422CBCC7000A26B50 /* Albums.swift */,
				6905DFF622CBCD4700A26B50 /* Photos.swift */,
				6905DFF822CBCE4300A26B50 /* Todo.swift */,
			);
			path = Models;
			sourceTree = "<group>";
		};
		6905DFFA22CBCF2F00A26B50 /* Main */ = {
			isa = PBXGroup;
			children = (
				6905DFD822CBB81100A26B50 /* Main.storyboard */,
				6905DFD622CBB81100A26B50 /* ViewController.swift */,
				6905DFFD22CBD0D400A26B50 /* ViewControllerViewModel.swift */,
				6905E00122CBEF6700A26B50 /* UserTableViewCell.swift */,
			);
			path = Main;
			sourceTree = "<group>";
		};
		6905E00322CBF1C200A26B50 /* DetailUser */ = {
			isa = PBXGroup;
			children = (
				6905E00422CBF1D400A26B50 /* DetailUser.storyboard */,
				6905E00622CBF22100A26B50 /* DetailUserViewController.swift */,
				6905E00822CBF2A500A26B50 /* DetailViewModel.swift */,
			);
			path = DetailUser;
			sourceTree = "<group>";
		};
		D98C16CBD816D7B4D964D624 /* Pods */ = {
			isa = PBXGroup;
			children = (
				FFA673D7FC6D55A3813FF8C5 /* Pods-TestApp.debug.xcconfig */,
				C84C03CB00F4021A53A6D1D0 /* Pods-TestApp.release.xcconfig */,
			);
			path = Pods;
			sourceTree = "<group>";
		};
/* End PBXGroup section */

/* Begin PBXNativeTarget section */
		6905DFD022CBB81100A26B50 /* TestApp */ = {
			isa = PBXNativeTarget;
			buildConfigurationList = 6905DFE322CBB81200A26B50 /* Build configuration list for PBXNativeTarget "TestApp" */;
			buildPhases = (
				49CD34326F84D5B6B7670286 /* [CP] Check Pods Manifest.lock */,
				6905DFCD22CBB81100A26B50 /* Sources */,
				6905DFCE22CBB81100A26B50 /* Frameworks */,
				6905DFCF22CBB81100A26B50 /* Resources */,
				1FEF11FED7CBEDAC2D789C2B /* [CP] Embed Pods Frameworks */,
			);
			buildRules = (
			);
			dependencies = (
			);
			name = TestApp;
			productName = TestApp;
			productReference = 6905DFD122CBB81100A26B50 /* TestApp.app */;
			productType = "com.apple.product-type.application";
		};
/* End PBXNativeTarget section */

/* Begin PBXProject section */
		6905DFC922CBB81100A26B50 /* Project object */ = {
			isa = PBXProject;
			attributes = {
				LastSwiftUpdateCheck = 1020;
				LastUpgradeCheck = 1020;
				ORGANIZATIONNAME = Andres;
				TargetAttributes = {
					6905DFD022CBB81100A26B50 = {
						CreatedOnToolsVersion = 10.2.1;
					};
				};
			};
			buildConfigurationList = 6905DFCC22CBB81100A26B50 /* Build configuration list for PBXProject "TestApp" */;
			compatibilityVersion = "Xcode 9.3";
			developmentRegion = en;
			hasScannedForEncodings = 0;
			knownRegions = (
				en,
				Base,
			);
			mainGroup = 6905DFC822CBB81100A26B50;
			productRefGroup = 6905DFD222CBB81100A26B50 /* Products */;
			projectDirPath = "";
			projectRoot = "";
			targets = (
				6905DFD022CBB81100A26B50 /* TestApp */,
			);
		};
/* End PBXProject section */

/* Begin PBXResourcesBuildPhase section */
		6905DFCF22CBB81100A26B50 /* Resources */ = {
			isa = PBXResourcesBuildPhase;
			buildActionMask = 2147483647;
			files = (
				6905DFDF22CBB81200A26B50 /* LaunchScreen.storyboard in Resources */,
				6905DFDC22CBB81200A26B50 /* Assets.xcassets in Resources */,
				6905E00522CBF1D400A26B50 /* DetailUser.storyboard in Resources */,
				6905DFDA22CBB81100A26B50 /* Main.storyboard in Resources */,
			);
			runOnlyForDeploymentPostprocessing = 0;
		};
/* End PBXResourcesBuildPhase section */

/* Begin PBXShellScriptBuildPhase section */
		1FEF11FED7CBEDAC2D789C2B /* [CP] Embed Pods Frameworks */ = {
			isa = PBXShellScriptBuildPhase;
			buildActionMask = 2147483647;
			files = (
			);
			inputFileListPaths = (
				"${PODS_ROOT}/Target Support Files/Pods-TestApp/Pods-TestApp-frameworks-${CONFIGURATION}-input-files.xcfilelist",
			);
			name = "[CP] Embed Pods Frameworks";
			outputFileListPaths = (
				"${PODS_ROOT}/Target Support Files/Pods-TestApp/Pods-TestApp-frameworks-${CONFIGURATION}-output-files.xcfilelist",
			);
			runOnlyForDeploymentPostprocessing = 0;
			shellPath = /bin/sh;
			shellScript = "\"${PODS_ROOT}/Target Support Files/Pods-TestApp/Pods-TestApp-frameworks.sh\"\n";
			showEnvVarsInLog = 0;
		};
		49CD34326F84D5B6B7670286 /* [CP] Check Pods Manifest.lock */ = {
			isa = PBXShellScriptBuildPhase;
			buildActionMask = 2147483647;
			files = (
			);
			inputFileListPaths = (
			);
			inputPaths = (
				"${PODS_PODFILE_DIR_PATH}/Podfile.lock",
				"${PODS_ROOT}/Manifest.lock",
			);
			name = "[CP] Check Pods Manifest.lock";
			outputFileListPaths = (
			);
			outputPaths = (
				"$(DERIVED_FILE_DIR)/Pods-TestApp-checkManifestLockResult.txt",
			);
			runOnlyForDeploymentPostprocessing = 0;
			shellPath = /bin/sh;
			shellScript = "diff \"${PODS_PODFILE_DIR_PATH}/Podfile.lock\" \"${PODS_ROOT}/Manifest.lock\" > /dev/null\nif [ $? != 0 ] ; then\n    # print error to STDERR\n    echo \"error: The sandbox is not in sync with the Podfile.lock. Run 'pod install' or update your CocoaPods installation.\" >&2\n    exit 1\nfi\n# This output is used by Xcode 'outputs' to avoid re-running this script phase.\necho \"SUCCESS\" > \"${SCRIPT_OUTPUT_FILE_0}\"\n";
			showEnvVarsInLog = 0;
		};
/* End PBXShellScriptBuildPhase section */

/* Begin PBXSourcesBuildPhase section */
		6905DFCD22CBB81100A26B50 /* Sources */ = {
			isa = PBXSourcesBuildPhase;
			buildActionMask = 2147483647;
			files = (
				6905DFF122CBBC5800A26B50 /* Address.swift in Sources */,
				6905DFD722CBB81100A26B50 /* ViewController.swift in Sources */,
				6905E00022CBD2FF00A26B50 /* ApiService.swift in Sources */,
				6905DFFE22CBD0D400A26B50 /* ViewControllerViewModel.swift in Sources */,
				6905E00222CBEF6700A26B50 /* UserTableViewCell.swift in Sources */,
				6905DFEA22CBBA5200A26B50 /* RealmService.swift in Sources */,
				6905DFF522CBCC7000A26B50 /* Albums.swift in Sources */,
				6905DFF722CBCD4700A26B50 /* Photos.swift in Sources */,
				6905DFEC22CBBB1D00A26B50 /* RealmMigrationService.swift in Sources */,
				6905DFF322CBBCF400A26B50 /* Company.swift in Sources */,
				6905DFEF22CBBBC600A26B50 /* User.swift in Sources */,
				6905DFD522CBB81100A26B50 /* AppDelegate.swift in Sources */,
				6905E00722CBF22100A26B50 /* DetailUserViewController.swift in Sources */,
				6905E00922CBF2A500A26B50 /* DetailViewModel.swift in Sources */,
				6905DFF922CBCE4300A26B50 /* Todo.swift in Sources */,
			);
			runOnlyForDeploymentPostprocessing = 0;
		};
/* End PBXSourcesBuildPhase section */

/* Begin PBXVariantGroup section */
		6905DFD822CBB81100A26B50 /* Main.storyboard */ = {
			isa = PBXVariantGroup;
			children = (
				6905DFD922CBB81100A26B50 /* Base */,
			);
			name = Main.storyboard;
			sourceTree = "<group>";
		};
		6905DFDD22CBB81200A26B50 /* LaunchScreen.storyboard */ = {
			isa = PBXVariantGroup;
			children = (
				6905DFDE22CBB81200A26B50 /* Base */,
			);
			name = LaunchScreen.storyboard;
			sourceTree = "<group>";
		};
/* End PBXVariantGroup section */

/* Begin XCBuildConfiguration section */
		6905DFE122CBB81200A26B50 /* Debug */ = {
			isa = XCBuildConfiguration;
			buildSettings = {
				ALWAYS_SEARCH_USER_PATHS = NO;
				CLANG_ANALYZER_NONNULL = YES;
				CLANG_ANALYZER_NUMBER_OBJECT_CONVERSION = YES_AGGRESSIVE;
				CLANG_CXX_LANGUAGE_STANDARD = "gnu++14";
				CLANG_CXX_LIBRARY = "libc++";
				CLANG_ENABLE_MODULES = YES;
				CLANG_ENABLE_OBJC_ARC = YES;
				CLANG_ENABLE_OBJC_WEAK = YES;
				CLANG_WARN_BLOCK_CAPTURE_AUTORELEASING = YES;
				CLANG_WARN_BOOL_CONVERSION = YES;
				CLANG_WARN_COMMA = YES;
				CLANG_WARN_CONSTANT_CONVERSION = YES;
				CLANG_WARN_DEPRECATED_OBJC_IMPLEMENTATIONS = YES;
				CLANG_WARN_DIRECT_OBJC_ISA_USAGE = YES_ERROR;
				CLANG_WARN_DOCUMENTATION_COMMENTS = YES;
				CLANG_WARN_EMPTY_BODY = YES;
				CLANG_WARN_ENUM_CONVERSION = YES;
				CLANG_WARN_INFINITE_RECURSION = YES;
				CLANG_WARN_INT_CONVERSION = YES;
				CLANG_WARN_NON_LITERAL_NULL_CONVERSION = YES;
				CLANG_WARN_OBJC_IMPLICIT_RETAIN_SELF = YES;
				CLANG_WARN_OBJC_LITERAL_CONVERSION = YES;
				CLANG_WARN_OBJC_ROOT_CLASS = YES_ERROR;
				CLANG_WARN_RANGE_LOOP_ANALYSIS = YES;
				CLANG_WARN_STRICT_PROTOTYPES = YES;
				CLANG_WARN_SUSPICIOUS_MOVE = YES;
				CLANG_WARN_UNGUARDED_AVAILABILITY = YES_AGGRESSIVE;
				CLANG_WARN_UNREACHABLE_CODE = YES;
				CLANG_WARN__DUPLICATE_METHOD_MATCH = YES;
				CODE_SIGN_IDENTITY = "iPhone Developer";
				COPY_PHASE_STRIP = NO;
				DEBUG_INFORMATION_FORMAT = dwarf;
				ENABLE_STRICT_OBJC_MSGSEND = YES;
				ENABLE_TESTABILITY = YES;
				GCC_C_LANGUAGE_STANDARD = gnu11;
				GCC_DYNAMIC_NO_PIC = NO;
				GCC_NO_COMMON_BLOCKS = YES;
				GCC_OPTIMIZATION_LEVEL = 0;
				GCC_PREPROCESSOR_DEFINITIONS = (
					"DEBUG=1",
					"$(inherited)",
				);
				GCC_WARN_64_TO_32_BIT_CONVERSION = YES;
				GCC_WARN_ABOUT_RETURN_TYPE = YES_ERROR;
				GCC_WARN_UNDECLARED_SELECTOR = YES;
				GCC_WARN_UNINITIALIZED_AUTOS = YES_AGGRESSIVE;
				GCC_WARN_UNUSED_FUNCTION = YES;
				GCC_WARN_UNUSED_VARIABLE = YES;
				IPHONEOS_DEPLOYMENT_TARGET = 12.2;
				MTL_ENABLE_DEBUG_INFO = INCLUDE_SOURCE;
				MTL_FAST_MATH = YES;
				ONLY_ACTIVE_ARCH = YES;
				SDKROOT = iphoneos;
				SWIFT_ACTIVE_COMPILATION_CONDITIONS = DEBUG;
				SWIFT_OPTIMIZATION_LEVEL = "-Onone";
			};
			name = Debug;
		};
		6905DFE222CBB81200A26B50 /* Release */ = {
			isa = XCBuildConfiguration;
			buildSettings = {
				ALWAYS_SEARCH_USER_PATHS = NO;
				CLANG_ANALYZER_NONNULL = YES;
				CLANG_ANALYZER_NUMBER_OBJECT_CONVERSION = YES_AGGRESSIVE;
				CLANG_CXX_LANGUAGE_STANDARD = "gnu++14";
				CLANG_CXX_LIBRARY = "libc++";
				CLANG_ENABLE_MODULES = YES;
				CLANG_ENABLE_OBJC_ARC = YES;
				CLANG_ENABLE_OBJC_WEAK = YES;
				CLANG_WARN_BLOCK_CAPTURE_AUTORELEASING = YES;
				CLANG_WARN_BOOL_CONVERSION = YES;
				CLANG_WARN_COMMA = YES;
				CLANG_WARN_CONSTANT_CONVERSION = YES;
				CLANG_WARN_DEPRECATED_OBJC_IMPLEMENTATIONS = YES;
				CLANG_WARN_DIRECT_OBJC_ISA_USAGE = YES_ERROR;
				CLANG_WARN_DOCUMENTATION_COMMENTS = YES;
				CLANG_WARN_EMPTY_BODY = YES;
				CLANG_WARN_ENUM_CONVERSION = YES;
				CLANG_WARN_INFINITE_RECURSION = YES;
				CLANG_WARN_INT_CONVERSION = YES;
				CLANG_WARN_NON_LITERAL_NULL_CONVERSION = YES;
				CLANG_WARN_OBJC_IMPLICIT_RETAIN_SELF = YES;
				CLANG_WARN_OBJC_LITERAL_CONVERSION = YES;
				CLANG_WARN_OBJC_ROOT_CLASS = YES_ERROR;
				CLANG_WARN_RANGE_LOOP_ANALYSIS = YES;
				CLANG_WARN_STRICT_PROTOTYPES = YES;
				CLANG_WARN_SUSPICIOUS_MOVE = YES;
				CLANG_WARN_UNGUARDED_AVAILABILITY = YES_AGGRESSIVE;
				CLANG_WARN_UNREACHABLE_CODE = YES;
				CLANG_WARN__DUPLICATE_METHOD_MATCH = YES;
				CODE_SIGN_IDENTITY = "iPhone Developer";
				COPY_PHASE_STRIP = NO;
				DEBUG_INFORMATION_FORMAT = "dwarf-with-dsym";
				ENABLE_NS_ASSERTIONS = NO;
				ENABLE_STRICT_OBJC_MSGSEND = YES;
				GCC_C_LANGUAGE_STANDARD = gnu11;
				GCC_NO_COMMON_BLOCKS = YES;
				GCC_WARN_64_TO_32_BIT_CONVERSION = YES;
				GCC_WARN_ABOUT_RETURN_TYPE = YES_ERROR;
				GCC_WARN_UNDECLARED_SELECTOR = YES;
				GCC_WARN_UNINITIALIZED_AUTOS = YES_AGGRESSIVE;
				GCC_WARN_UNUSED_FUNCTION = YES;
				GCC_WARN_UNUSED_VARIABLE = YES;
				IPHONEOS_DEPLOYMENT_TARGET = 12.2;
				MTL_ENABLE_DEBUG_INFO = NO;
				MTL_FAST_MATH = YES;
				SDKROOT = iphoneos;
				SWIFT_COMPILATION_MODE = wholemodule;
				SWIFT_OPTIMIZATION_LEVEL = "-O";
				VALIDATE_PRODUCT = YES;
			};
			name = Release;
		};
		6905DFE422CBB81200A26B50 /* Debug */ = {
			isa = XCBuildConfiguration;
			baseConfigurationReference = FFA673D7FC6D55A3813FF8C5 /* Pods-TestApp.debug.xcconfig */;
			buildSettings = {
				ASSETCATALOG_COMPILER_APPICON_NAME = AppIcon;
				ASSETCATALOG_COMPILER_LAUNCHIMAGE_NAME = LaunchImage;
				CODE_SIGN_STYLE = Automatic;
				DEVELOPMENT_TEAM = 9HVW9V6998;
				INFOPLIST_FILE = "$(SRCROOT)/TestApp/Base/Info.plist";
				LD_RUNPATH_SEARCH_PATHS = (
					"$(inherited)",
					"@executable_path/Frameworks",
				);
				PRODUCT_BUNDLE_IDENTIFIER = com.andres.TestApp;
				PRODUCT_NAME = "$(TARGET_NAME)";
				SWIFT_VERSION = 5.0;
				TARGETED_DEVICE_FAMILY = "1,2";
			};
			name = Debug;
		};
		6905DFE522CBB81200A26B50 /* Release */ = {
			isa = XCBuildConfiguration;
			baseConfigurationReference = C84C03CB00F4021A53A6D1D0 /* Pods-TestApp.release.xcconfig */;
			buildSettings = {
				ASSETCATALOG_COMPILER_APPICON_NAME = AppIcon;
				ASSETCATALOG_COMPILER_LAUNCHIMAGE_NAME = LaunchImage;
				CODE_SIGN_STYLE = Automatic;
				DEVELOPMENT_TEAM = 9HVW9V6998;
				INFOPLIST_FILE = "$(SRCROOT)/TestApp/Base/Info.plist";
				LD_RUNPATH_SEARCH_PATHS = (
					"$(inherited)",
					"@executable_path/Frameworks",
				);
				PRODUCT_BUNDLE_IDENTIFIER = com.andres.TestApp;
				PRODUCT_NAME = "$(TARGET_NAME)";
				SWIFT_VERSION = 5.0;
				TARGETED_DEVICE_FAMILY = "1,2";
			};
			name = Release;
		};
/* End XCBuildConfiguration section */

/* Begin XCConfigurationList section */
		6905DFCC22CBB81100A26B50 /* Build configuration list for PBXProject "TestApp" */ = {
			isa = XCConfigurationList;
			buildConfigurations = (
				6905DFE122CBB81200A26B50 /* Debug */,
				6905DFE222CBB81200A26B50 /* Release */,
			);
			defaultConfigurationIsVisible = 0;
			defaultConfigurationName = Release;
		};
		6905DFE322CBB81200A26B50 /* Build configuration list for PBXNativeTarget "TestApp" */ = {
			isa = XCConfigurationList;
			buildConfigurations = (
				6905DFE422CBB81200A26B50 /* Debug */,
				6905DFE522CBB81200A26B50 /* Release */,
			);
			defaultConfigurationIsVisible = 0;
			defaultConfigurationName = Release;
		};
/* End XCConfigurationList section */
	};
	rootObject = 6905DFC922CBB81100A26B50 /* Project object */;
}
